
Microsoft Visual Studio Solution File, Format Version 12.00
# Visual Studio Version 16
VisualStudioVersion = 16.0.30011.22
MinimumVisualStudioVersion = 10.0.40219.1
Project("{9A19103F-16F7-4668-BE54-9A1E7A4F7556}") = "Problems", "Problems\Problems.csproj", "{B20C170B-F940-4421-93D4-8A7FE04AD7A8}"
EndProject
Global
	GlobalSection(SolutionConfigurationPlatforms) = preSolution
		Debug|Any CPU = Debug|Any CPU
		Release|Any CPU = Release|Any CPU
	EndGlobalSection
	GlobalSection(ProjectConfigurationPlatforms) = postSolution
		{B20C170B-F940-4421-93D4-8A7FE04AD7A8}.Debug|Any CPU.ActiveCfg = Debug|Any CPU
		{B20C170B-F940-4421-93D4-8A7FE04AD7A8}.Debug|Any CPU.Build.0 = Debug|Any CPU
		{B20C170B-F940-4421-93D4-8A7FE04AD7A8}.Release|Any CPU.ActiveCfg = Release|Any CPU
		{B20C170B-F940-4421-93D4-8A7FE04AD7A8}.Release|Any CPU.Build.0 = Release|Any CPU
	EndGlobalSection
	GlobalSection(SolutionProperties) = preSolution
		HideSolutionNode = FALSE
	EndGlobalSection
	GlobalSection(ExtensibilityGlobals) = postSolution
		SolutionGuid = {F5D7F639-2720-43F6-A57B-B925A0C5676F}
	EndGlobalSection
EndGlobal
