
Microsoft Visual Studio Solution File, Format Version 12.00
# Visual Studio Version 16
VisualStudioVersion = 16.0.30011.22
MinimumVisualStudioVersion = 10.0.40219.1
Project("{FAE04EC0-301F-11D3-BF4B-00C04F79EFBC}") = "Trie", "Trie\Trie.csproj", "{21105C8B-9BD2-47BD-AAAD-1C996382EC47}"
EndProject
Project("{FAE04EC0-301F-11D3-BF4B-00C04F79EFBC}") = "Trie.Tests", "Trie.Tests\Trie.Tests.csproj", "{065621EF-4B9E-4357-8A9F-D1B6EBC611F6}"
EndProject
Global
	GlobalSection(SolutionConfigurationPlatforms) = preSolution
		Debug|Any CPU = Debug|Any CPU
		Release|Any CPU = Release|Any CPU
	EndGlobalSection
	GlobalSection(ProjectConfigurationPlatforms) = postSolution
		{21105C8B-9BD2-47BD-AAAD-1C996382EC47}.Debug|Any CPU.ActiveCfg = Debug|Any CPU
		{21105C8B-9BD2-47BD-AAAD-1C996382EC47}.Debug|Any CPU.Build.0 = Debug|Any CPU
		{21105C8B-9BD2-47BD-AAAD-1C996382EC47}.Release|Any CPU.ActiveCfg = Release|Any CPU
		{21105C8B-9BD2-47BD-AAAD-1C996382EC47}.Release|Any CPU.Build.0 = Release|Any CPU
		{065621EF-4B9E-4357-8A9F-D1B6EBC611F6}.Debug|Any CPU.ActiveCfg = Debug|Any CPU
		{065621EF-4B9E-4357-8A9F-D1B6EBC611F6}.Debug|Any CPU.Build.0 = Debug|Any CPU
		{065621EF-4B9E-4357-8A9F-D1B6EBC611F6}.Release|Any CPU.ActiveCfg = Release|Any CPU
		{065621EF-4B9E-4357-8A9F-D1B6EBC611F6}.Release|Any CPU.Build.0 = Release|Any CPU
	EndGlobalSection
	GlobalSection(SolutionProperties) = preSolution
		HideSolutionNode = FALSE
	EndGlobalSection
	GlobalSection(ExtensibilityGlobals) = postSolution
		SolutionGuid = {AA6DDBB6-7119-4471-9B04-E7C433E53DF2}
	EndGlobalSection
EndGlobal
