
Microsoft Visual Studio Solution File, Format Version 12.00
# Visual Studio Version 16
VisualStudioVersion = 16.0.30011.22
MinimumVisualStudioVersion = 10.0.40219.1
Project("{FAE04EC0-301F-11D3-BF4B-00C04F79EFBC}") = "BinaryHeap", "BinaryHeap\BinaryHeap.csproj", "{C14F7EA0-756D-4785-8550-895049C94D4B}"
EndProject
Project("{FAE04EC0-301F-11D3-BF4B-00C04F79EFBC}") = "BinaryHeap.Tests", "BinaryHeap.Tests\BinaryHeap.Tests.csproj", "{8F4EB9F1-2E1C-4A8E-8F42-71C5E18D6D33}"
EndProject
Global
	GlobalSection(SolutionConfigurationPlatforms) = preSolution
		Debug|Any CPU = Debug|Any CPU
		Release|Any CPU = Release|Any CPU
	EndGlobalSection
	GlobalSection(ProjectConfigurationPlatforms) = postSolution
		{C14F7EA0-756D-4785-8550-895049C94D4B}.Debug|Any CPU.ActiveCfg = Debug|Any CPU
		{C14F7EA0-756D-4785-8550-895049C94D4B}.Debug|Any CPU.Build.0 = Debug|Any CPU
		{C14F7EA0-756D-4785-8550-895049C94D4B}.Release|Any CPU.ActiveCfg = Release|Any CPU
		{C14F7EA0-756D-4785-8550-895049C94D4B}.Release|Any CPU.Build.0 = Release|Any CPU
		{8F4EB9F1-2E1C-4A8E-8F42-71C5E18D6D33}.Debug|Any CPU.ActiveCfg = Debug|Any CPU
		{8F4EB9F1-2E1C-4A8E-8F42-71C5E18D6D33}.Debug|Any CPU.Build.0 = Debug|Any CPU
		{8F4EB9F1-2E1C-4A8E-8F42-71C5E18D6D33}.Release|Any CPU.ActiveCfg = Release|Any CPU
		{8F4EB9F1-2E1C-4A8E-8F42-71C5E18D6D33}.Release|Any CPU.Build.0 = Release|Any CPU
	EndGlobalSection
	GlobalSection(SolutionProperties) = preSolution
		HideSolutionNode = FALSE
	EndGlobalSection
	GlobalSection(ExtensibilityGlobals) = postSolution
		SolutionGuid = {9AFB678C-696C-44B0-827A-60E61AF34BE6}
	EndGlobalSection
EndGlobal
