
Microsoft Visual Studio Solution File, Format Version 12.00
# Visual Studio Version 16
VisualStudioVersion = 16.0.30011.22
MinimumVisualStudioVersion = 10.0.40219.1
Project("{FAE04EC0-301F-11D3-BF4B-00C04F79EFBC}") = "Trees", "Trees\Trees.csproj", "{F3DDADEC-B4C5-4DF0-931C-C605EEBC691E}"
EndProject
Project("{FAE04EC0-301F-11D3-BF4B-00C04F79EFBC}") = "Trees.Tests", "Trees.Tests\Trees.Tests.csproj", "{CBF29FED-350C-4E07-BB2A-7E7A5FA1863E}"
EndProject
Global
	GlobalSection(SolutionConfigurationPlatforms) = preSolution
		Debug|Any CPU = Debug|Any CPU
		Release|Any CPU = Release|Any CPU
	EndGlobalSection
	GlobalSection(ProjectConfigurationPlatforms) = postSolution
		{F3DDADEC-B4C5-4DF0-931C-C605EEBC691E}.Debug|Any CPU.ActiveCfg = Debug|Any CPU
		{F3DDADEC-B4C5-4DF0-931C-C605EEBC691E}.Debug|Any CPU.Build.0 = Debug|Any CPU
		{F3DDADEC-B4C5-4DF0-931C-C605EEBC691E}.Release|Any CPU.ActiveCfg = Release|Any CPU
		{F3DDADEC-B4C5-4DF0-931C-C605EEBC691E}.Release|Any CPU.Build.0 = Release|Any CPU
		{CBF29FED-350C-4E07-BB2A-7E7A5FA1863E}.Debug|Any CPU.ActiveCfg = Debug|Any CPU
		{CBF29FED-350C-4E07-BB2A-7E7A5FA1863E}.Debug|Any CPU.Build.0 = Debug|Any CPU
		{CBF29FED-350C-4E07-BB2A-7E7A5FA1863E}.Release|Any CPU.ActiveCfg = Release|Any CPU
		{CBF29FED-350C-4E07-BB2A-7E7A5FA1863E}.Release|Any CPU.Build.0 = Release|Any CPU
	EndGlobalSection
	GlobalSection(SolutionProperties) = preSolution
		HideSolutionNode = FALSE
	EndGlobalSection
	GlobalSection(ExtensibilityGlobals) = postSolution
		SolutionGuid = {7A6595EF-1EB2-46CD-8C99-289F7ACB64A0}
	EndGlobalSection
EndGlobal
